
Microsoft Visual Studio Solution File, Format Version 12.00
# Visual Studio Version 16
VisualStudioVersion = 16.0.31829.152
MinimumVisualStudioVersion = 10.0.40219.1
Project("{FAE04EC0-301F-11D3-BF4B-00C04F79EFBC}") = "Wpf_2_Home", "Wpf_2_Home\Wpf_2_Home.csproj", "{68D4502B-97BA-4856-86E4-AF55778C681F}"
EndProject
Global
	GlobalSection(SolutionConfigurationPlatforms) = preSolution
		Debug|Any CPU = Debug|Any CPU
		Release|Any CPU = Release|Any CPU
	EndGlobalSection
	GlobalSection(ProjectConfigurationPlatforms) = postSolution
		{68D4502B-97BA-4856-86E4-AF55778C681F}.Debug|Any CPU.ActiveCfg = Debug|Any CPU
		{68D4502B-97BA-4856-86E4-AF55778C681F}.Debug|Any CPU.Build.0 = Debug|Any CPU
		{68D4502B-97BA-4856-86E4-AF55778C681F}.Release|Any CPU.ActiveCfg = Release|Any CPU
		{68D4502B-97BA-4856-86E4-AF55778C681F}.Release|Any CPU.Build.0 = Release|Any CPU
	EndGlobalSection
	GlobalSection(SolutionProperties) = preSolution
		HideSolutionNode = FALSE
	EndGlobalSection
	GlobalSection(ExtensibilityGlobals) = postSolution
		SolutionGuid = {6393B7AE-4568-4340-A1CB-11BD60D563BC}
	EndGlobalSection
EndGlobal
